
Microsoft Visual Studio Solution File, Format Version 12.00
# Visual Studio Version 16
VisualStudioVersion = 16.0.31515.178
MinimumVisualStudioVersion = 10.0.40219.1
Project("{888888A0-9F3D-457C-B088-3A5042F75D52}") = "CIS261ProjectPhase1", "CIS261ProjectPhase1.pyproj", "{459C5AAF-9A04-40A2-9C7F-92DB06C9DF13}"
EndProject
Global
	GlobalSection(SolutionConfigurationPlatforms) = preSolution
		Debug|Any CPU = Debug|Any CPU
		Release|Any CPU = Release|Any CPU
	EndGlobalSection
	GlobalSection(ProjectConfigurationPlatforms) = postSolution
		{459C5AAF-9A04-40A2-9C7F-92DB06C9DF13}.Debug|Any CPU.ActiveCfg = Debug|Any CPU
		{459C5AAF-9A04-40A2-9C7F-92DB06C9DF13}.Release|Any CPU.ActiveCfg = Release|Any CPU
	EndGlobalSection
	GlobalSection(SolutionProperties) = preSolution
		HideSolutionNode = FALSE
	EndGlobalSection
	GlobalSection(ExtensibilityGlobals) = postSolution
		SolutionGuid = {BD21EB52-97A0-4AAB-A58C-75BA675083A3}
	EndGlobalSection
EndGlobal
